{
  "name": "js项目",
  "lockfileVersion": 2,
  "requires": true,
  "packages": {
    "": {
      "dependencies": {
        "swiper": "^5.4.5",
        "vue-awesome-swiper": "^4.1.1"
      }
    },
    "node_modules/dom7": {
      "version": "2.1.5",
      "resolved": "https://registry.npmjs.org/dom7/-/dom7-2.1.5.tgz",
      "integrity": "sha512-xnhwVgyOh3eD++/XGtH+5qBwYTgCm0aW91GFgPJ3XG+jlsRLyJivnbP0QmUBFhI+Oaz9FV0s7cxgXHezwOEBYA==",
      "dependencies": {
        "ssr-window": "^2.0.0"
      }
    },
    "node_modules/ssr-window": {
      "version": "2.0.0",
      "resolved": "https://registry.npmjs.org/ssr-window/-/ssr-window-2.0.0.tgz",
      "integrity": "sha512-NXzN+/HPObKAx191H3zKlYomE5WrVIkoCB5IaSdvKokxTpjBdWfr0RaP+1Z5KOfDT0ZVz+2tdtiBkhsEQ9p+0A=="
    },
    "node_modules/swiper": {
      "version": "5.4.5",
      "resolved": "https://registry.npmjs.org/swiper/-/swiper-5.4.5.tgz",
      "integrity": "sha512-7QjA0XpdOmiMoClfaZ2lYN6ICHcMm72LXiY+NF4fQLFidigameaofvpjEEiTQuw3xm5eksG5hzkaRsjQX57vtA==",
      "hasInstallScript": true,
      "dependencies": {
        "dom7": "^2.1.5",
        "ssr-window": "^2.0.0"
      },
      "engines": {
        "node": ">= 4.7.0"
      },
      "funding": {
        "type": "patreon",
        "url": "https://www.patreon.com/vladimirkharlampidi"
      }
    },
    "node_modules/vue": {
      "version": "2.6.14",
      "resolved": "https://registry.npmjs.org/vue/-/vue-2.6.14.tgz",
      "integrity": "sha512-x2284lgYvjOMj3Za7kqzRcUSxBboHqtgRE2zlos1qWaOye5yUmHn42LB1250NJBLRwEcdrB0JRwyPTEPhfQjiQ==",
      "peer": true
    },
    "node_modules/vue-awesome-swiper": {
      "version": "4.1.1",
      "resolved": "https://registry.npmjs.org/vue-awesome-swiper/-/vue-awesome-swiper-4.1.1.tgz",
      "integrity": "sha512-50um10t6N+lJaORkpwSi1wWuMmBI1sgFc9Znsi5oUykw2cO5DzLaBHcO2JNX21R+Ue4TGoIJDhhxjBHtkFrTEQ==",
      "engines": {
        "node": ">=8"
      },
      "peerDependencies": {
        "swiper": "^5.2.0",
        "vue": "2.x"
      }
    }
  },
  "dependencies": {
    "dom7": {
      "version": "2.1.5",
      "resolved": "https://registry.npmjs.org/dom7/-/dom7-2.1.5.tgz",
      "integrity": "sha512-xnhwVgyOh3eD++/XGtH+5qBwYTgCm0aW91GFgPJ3XG+jlsRLyJivnbP0QmUBFhI+Oaz9FV0s7cxgXHezwOEBYA==",
      "requires": {
        "ssr-window": "^2.0.0"
      }
    },
    "ssr-window": {
      "version": "2.0.0",
      "resolved": "https://registry.npmjs.org/ssr-window/-/ssr-window-2.0.0.tgz",
      "integrity": "sha512-NXzN+/HPObKAx191H3zKlYomE5WrVIkoCB5IaSdvKokxTpjBdWfr0RaP+1Z5KOfDT0ZVz+2tdtiBkhsEQ9p+0A=="
    },
    "swiper": {
      "version": "5.4.5",
      "resolved": "https://registry.npmjs.org/swiper/-/swiper-5.4.5.tgz",
      "integrity": "sha512-7QjA0XpdOmiMoClfaZ2lYN6ICHcMm72LXiY+NF4fQLFidigameaofvpjEEiTQuw3xm5eksG5hzkaRsjQX57vtA==",
      "requires": {
        "dom7": "^2.1.5",
        "ssr-window": "^2.0.0"
      }
    },
    "vue": {
      "version": "2.6.14",
      "resolved": "https://registry.npmjs.org/vue/-/vue-2.6.14.tgz",
      "integrity": "sha512-x2284lgYvjOMj3Za7kqzRcUSxBboHqtgRE2zlos1qWaOye5yUmHn42LB1250NJBLRwEcdrB0JRwyPTEPhfQjiQ==",
      "peer": true
    },
    "vue-awesome-swiper": {
      "version": "4.1.1",
      "resolved": "https://registry.npmjs.org/vue-awesome-swiper/-/vue-awesome-swiper-4.1.1.tgz",
      "integrity": "sha512-50um10t6N+lJaORkpwSi1wWuMmBI1sgFc9Znsi5oUykw2cO5DzLaBHcO2JNX21R+Ue4TGoIJDhhxjBHtkFrTEQ==",
      "requires": {}
    }
  }
}
